
Microsoft Visual Studio Solution File, Format Version 12.00
# Visual Studio Version 17
VisualStudioVersion = 17.14.36915.13 d17.14
MinimumVisualStudioVersion = 10.0.40219.1
Project("{FAE04EC0-301F-11D3-BF4B-00C04F79EFBC}") = "Group1Project", "Group1Project\Group1Project.csproj", "{0683DEEB-2A90-4024-B7EE-09C49E91BE11}"
EndProject
Global
	GlobalSection(SolutionConfigurationPlatforms) = preSolution
		Debug|Any CPU = Debug|Any CPU
		Release|Any CPU = Release|Any CPU
	EndGlobalSection
	GlobalSection(ProjectConfigurationPlatforms) = postSolution
		{0683DEEB-2A90-4024-B7EE-09C49E91BE11}.Debug|Any CPU.ActiveCfg = Debug|Any CPU
		{0683DEEB-2A90-4024-B7EE-09C49E91BE11}.Debug|Any CPU.Build.0 = Debug|Any CPU
		{0683DEEB-2A90-4024-B7EE-09C49E91BE11}.Release|Any CPU.ActiveCfg = Release|Any CPU
		{0683DEEB-2A90-4024-B7EE-09C49E91BE11}.Release|Any CPU.Build.0 = Release|Any CPU
	EndGlobalSection
	GlobalSection(SolutionProperties) = preSolution
		HideSolutionNode = FALSE
	EndGlobalSection
	GlobalSection(ExtensibilityGlobals) = postSolution
		SolutionGuid = {97588FE3-9C0C-411C-B41C-987F88E55C17}
	EndGlobalSection
EndGlobal
